// !$*UTF8*$!
{
	archiveVersion = 1;
	classes = {
	};
	objectVersion = 46;
	objects = {

/* Begin PBXBuildFile section */
		172B2FB11E30AD7300AC9B86 /* main.cpp in Sources */ = {isa = PBXBuildFile; fileRef = 172B2FB01E30AD7300AC9B86 /* main.cpp */; };
		172B2FD31E30B00B00AC9B86 /* libdrafter.a in Frameworks */ = {isa = PBXBuildFile; fileRef = 172B2FCE1E30B00B00AC9B86 /* libdrafter.a */; };
		172B2FD41E30B00B00AC9B86 /* libmarkdownparser.a in Frameworks */ = {isa = PBXBuildFile; fileRef = 172B2FCF1E30B00B00AC9B86 /* libmarkdownparser.a */; };
		172B2FD51E30B00B00AC9B86 /* libsnowcrash.a in Frameworks */ = {isa = PBXBuildFile; fileRef = 172B2FD01E30B00B00AC9B86 /* libsnowcrash.a */; };
		172B2FD61E30B00B00AC9B86 /* libsos.a in Frameworks */ = {isa = PBXBuildFile; fileRef = 172B2FD11E30B00B00AC9B86 /* libsos.a */; };
		172B2FD71E30B00B00AC9B86 /* libsundown.a in Frameworks */ = {isa = PBXBuildFile; fileRef = 172B2FD21E30B00B00AC9B86 /* libsundown.a */; };
		172B2FE51E30B16800AC9B86 /* jsoncpp.cpp in Sources */ = {isa = PBXBuildFile; fileRef = 172B2FE41E30B16800AC9B86 /* jsoncpp.cpp */; };
/* End PBXBuildFile section */

/* Begin PBXCopyFilesBuildPhase section */
		172B2FAB1E30AD7300AC9B86 /* CopyFiles */ = {
			isa = PBXCopyFilesBuildPhase;
			buildActionMask = 2147483647;
			dstPath = /usr/share/man/man1/;
			dstSubfolderSpec = 0;
			files = (
			);
			runOnlyForDeploymentPostprocessing = 1;
		};
/* End PBXCopyFilesBuildPhase section */

/* Begin PBXFileReference section */
		172B2FAD1E30AD7300AC9B86 /* cherry-bomb */ = {isa = PBXFileReference; explicitFileType = "compiled.mach-o.executable"; includeInIndex = 0; path = "cherry-bomb"; sourceTree = BUILT_PRODUCTS_DIR; };
		172B2FB01E30AD7300AC9B86 /* main.cpp */ = {isa = PBXFileReference; lastKnownFileType = sourcecode.cpp.cpp; path = main.cpp; sourceTree = "<group>"; };
		172B2FBC1E30AFF900AC9B86 /* config.h */ = {isa = PBXFileReference; lastKnownFileType = sourcecode.c.h; name = config.h; path = include/drafter/config.h; sourceTree = "<group>"; };
		172B2FBD1E30AFF900AC9B86 /* ConversionContext.h */ = {isa = PBXFileReference; lastKnownFileType = sourcecode.c.h; name = ConversionContext.h; path = include/drafter/ConversionContext.h; sourceTree = "<group>"; };
		172B2FBE1E30AFF900AC9B86 /* drafter.h */ = {isa = PBXFileReference; lastKnownFileType = sourcecode.c.h; name = drafter.h; path = include/drafter/drafter.h; sourceTree = "<group>"; };
		172B2FBF1E30AFF900AC9B86 /* NamedTypesRegistry.h */ = {isa = PBXFileReference; lastKnownFileType = sourcecode.c.h; name = NamedTypesRegistry.h; path = include/drafter/NamedTypesRegistry.h; sourceTree = "<group>"; };
		172B2FC01E30AFF900AC9B86 /* NodeInfo.h */ = {isa = PBXFileReference; lastKnownFileType = sourcecode.c.h; name = NodeInfo.h; path = include/drafter/NodeInfo.h; sourceTree = "<group>"; };
		172B2FC11E30AFF900AC9B86 /* refract */ = {isa = PBXFileReference; lastKnownFileType = folder; name = refract; path = include/drafter/refract; sourceTree = "<group>"; };
		172B2FC21E30AFF900AC9B86 /* RefractAPI.h */ = {isa = PBXFileReference; lastKnownFileType = sourcecode.c.h; name = RefractAPI.h; path = include/drafter/RefractAPI.h; sourceTree = "<group>"; };
		172B2FC31E30AFF900AC9B86 /* RefractDataStructure.h */ = {isa = PBXFileReference; lastKnownFileType = sourcecode.c.h; name = RefractDataStructure.h; path = include/drafter/RefractDataStructure.h; sourceTree = "<group>"; };
		172B2FC41E30AFF900AC9B86 /* RefractElementFactory.h */ = {isa = PBXFileReference; lastKnownFileType = sourcecode.c.h; name = RefractElementFactory.h; path = include/drafter/RefractElementFactory.h; sourceTree = "<group>"; };
		172B2FC51E30AFF900AC9B86 /* RefractSourceMap.h */ = {isa = PBXFileReference; lastKnownFileType = sourcecode.c.h; name = RefractSourceMap.h; path = include/drafter/RefractSourceMap.h; sourceTree = "<group>"; };
		172B2FC61E30AFF900AC9B86 /* Render.h */ = {isa = PBXFileReference; lastKnownFileType = sourcecode.c.h; name = Render.h; path = include/drafter/Render.h; sourceTree = "<group>"; };
		172B2FC71E30AFF900AC9B86 /* reporting.h */ = {isa = PBXFileReference; lastKnownFileType = sourcecode.c.h; name = reporting.h; path = include/drafter/reporting.h; sourceTree = "<group>"; };
		172B2FC81E30AFF900AC9B86 /* Serialize.h */ = {isa = PBXFileReference; lastKnownFileType = sourcecode.c.h; name = Serialize.h; path = include/drafter/Serialize.h; sourceTree = "<group>"; };
		172B2FC91E30AFF900AC9B86 /* SerializeResult.h */ = {isa = PBXFileReference; lastKnownFileType = sourcecode.c.h; name = SerializeResult.h; path = include/drafter/SerializeResult.h; sourceTree = "<group>"; };
		172B2FCA1E30AFF900AC9B86 /* stream.h */ = {isa = PBXFileReference; lastKnownFileType = sourcecode.c.h; name = stream.h; path = include/drafter/stream.h; sourceTree = "<group>"; };
		172B2FCB1E30AFF900AC9B86 /* Version.h */ = {isa = PBXFileReference; lastKnownFileType = sourcecode.c.h; name = Version.h; path = include/drafter/Version.h; sourceTree = "<group>"; };
		172B2FCC1E30B00400AC9B86 /* json-forwards.h */ = {isa = PBXFileReference; lastKnownFileType = sourcecode.c.h; name = "json-forwards.h"; path = "include/jsoncpp/json-forwards.h"; sourceTree = "<group>"; };
		172B2FCD1E30B00400AC9B86 /* json.h */ = {isa = PBXFileReference; lastKnownFileType = sourcecode.c.h; name = json.h; path = include/jsoncpp/json.h; sourceTree = "<group>"; };
		172B2FCE1E30B00B00AC9B86 /* libdrafter.a */ = {isa = PBXFileReference; lastKnownFileType = archive.ar; name = libdrafter.a; path = lib/drafter/libdrafter.a; sourceTree = "<group>"; };
		172B2FCF1E30B00B00AC9B86 /* libmarkdownparser.a */ = {isa = PBXFileReference; lastKnownFileType = archive.ar; name = libmarkdownparser.a; path = lib/drafter/libmarkdownparser.a; sourceTree = "<group>"; };
		172B2FD01E30B00B00AC9B86 /* libsnowcrash.a */ = {isa = PBXFileReference; lastKnownFileType = archive.ar; name = libsnowcrash.a; path = lib/drafter/libsnowcrash.a; sourceTree = "<group>"; };
		172B2FD11E30B00B00AC9B86 /* libsos.a */ = {isa = PBXFileReference; lastKnownFileType = archive.ar; name = libsos.a; path = lib/drafter/libsos.a; sourceTree = "<group>"; };
		172B2FD21E30B00B00AC9B86 /* libsundown.a */ = {isa = PBXFileReference; lastKnownFileType = archive.ar; name = libsundown.a; path = lib/drafter/libsundown.a; sourceTree = "<group>"; };
		172B2FE41E30B16800AC9B86 /* jsoncpp.cpp */ = {isa = PBXFileReference; fileEncoding = 4; lastKnownFileType = sourcecode.cpp.cpp; path = jsoncpp.cpp; sourceTree = "<group>"; };
/* End PBXFileReference section */

/* Begin PBXFrameworksBuildPhase section */
		172B2FAA1E30AD7300AC9B86 /* Frameworks */ = {
			isa = PBXFrameworksBuildPhase;
			buildActionMask = 2147483647;
			files = (
				172B2FD71E30B00B00AC9B86 /* libsundown.a in Frameworks */,
				172B2FD31E30B00B00AC9B86 /* libdrafter.a in Frameworks */,
				172B2FD51E30B00B00AC9B86 /* libsnowcrash.a in Frameworks */,
				172B2FD41E30B00B00AC9B86 /* libmarkdownparser.a in Frameworks */,
				172B2FD61E30B00B00AC9B86 /* libsos.a in Frameworks */,
			);
			runOnlyForDeploymentPostprocessing = 0;
		};
/* End PBXFrameworksBuildPhase section */

/* Begin PBXGroup section */
		172B2FA41E30AD7300AC9B86 = {
			isa = PBXGroup;
			children = (
				172B2FAF1E30AD7300AC9B86 /* cherry-boom */,
				172B2FAE1E30AD7300AC9B86 /* Products */,
			);
			sourceTree = "<group>";
		};
		172B2FAE1E30AD7300AC9B86 /* Products */ = {
			isa = PBXGroup;
			children = (
				172B2FAD1E30AD7300AC9B86 /* cherry-bomb */,
			);
			name = Products;
			sourceTree = "<group>";
		};
		172B2FAF1E30AD7300AC9B86 /* cherry-boom */ = {
			isa = PBXGroup;
			children = (
				172B2FB81E30ADD800AC9B86 /* lib */,
				172B2FB71E30ADD000AC9B86 /* include */,
				172B2FB01E30AD7300AC9B86 /* main.cpp */,
				172B2FE41E30B16800AC9B86 /* jsoncpp.cpp */,
			);
			path = "cherry-boom";
			sourceTree = "<group>";
		};
		172B2FB71E30ADD000AC9B86 /* include */ = {
			isa = PBXGroup;
			children = (
				172B2FBB1E30AE0D00AC9B86 /* jsoncpp */,
				172B2FBA1E30AE0500AC9B86 /* drafter */,
			);
			name = include;
			sourceTree = "<group>";
		};
		172B2FB81E30ADD800AC9B86 /* lib */ = {
			isa = PBXGroup;
			children = (
				172B2FB91E30ADEF00AC9B86 /* drafter */,
			);
			name = lib;
			sourceTree = "<group>";
		};
		172B2FB91E30ADEF00AC9B86 /* drafter */ = {
			isa = PBXGroup;
			children = (
				172B2FCE1E30B00B00AC9B86 /* libdrafter.a */,
				172B2FCF1E30B00B00AC9B86 /* libmarkdownparser.a */,
				172B2FD01E30B00B00AC9B86 /* libsnowcrash.a */,
				172B2FD11E30B00B00AC9B86 /* libsos.a */,
				172B2FD21E30B00B00AC9B86 /* libsundown.a */,
			);
			name = drafter;
			sourceTree = "<group>";
		};
		172B2FBA1E30AE0500AC9B86 /* drafter */ = {
			isa = PBXGroup;
			children = (
				172B2FBC1E30AFF900AC9B86 /* config.h */,
				172B2FBD1E30AFF900AC9B86 /* ConversionContext.h */,
				172B2FBE1E30AFF900AC9B86 /* drafter.h */,
				172B2FBF1E30AFF900AC9B86 /* NamedTypesRegistry.h */,
				172B2FC01E30AFF900AC9B86 /* NodeInfo.h */,
				172B2FC11E30AFF900AC9B86 /* refract */,
				172B2FC21E30AFF900AC9B86 /* RefractAPI.h */,
				172B2FC31E30AFF900AC9B86 /* RefractDataStructure.h */,
				172B2FC41E30AFF900AC9B86 /* RefractElementFactory.h */,
				172B2FC51E30AFF900AC9B86 /* RefractSourceMap.h */,
				172B2FC61E30AFF900AC9B86 /* Render.h */,
				172B2FC71E30AFF900AC9B86 /* reporting.h */,
				172B2FC81E30AFF900AC9B86 /* Serialize.h */,
				172B2FC91E30AFF900AC9B86 /* SerializeResult.h */,
				172B2FCA1E30AFF900AC9B86 /* stream.h */,
				172B2FCB1E30AFF900AC9B86 /* Version.h */,
			);
			name = drafter;
			sourceTree = "<group>";
		};
		172B2FBB1E30AE0D00AC9B86 /* jsoncpp */ = {
			isa = PBXGroup;
			children = (
				172B2FCC1E30B00400AC9B86 /* json-forwards.h */,
				172B2FCD1E30B00400AC9B86 /* json.h */,
			);
			name = jsoncpp;
			sourceTree = "<group>";
		};
/* End PBXGroup section */

/* Begin PBXNativeTarget section */
		172B2FAC1E30AD7300AC9B86 /* cherry-bomb */ = {
			isa = PBXNativeTarget;
			buildConfigurationList = 172B2FB41E30AD7300AC9B86 /* Build configuration list for PBXNativeTarget "cherry-bomb" */;
			buildPhases = (
				172B2FA91E30AD7300AC9B86 /* Sources */,
				172B2FAA1E30AD7300AC9B86 /* Frameworks */,
				172B2FAB1E30AD7300AC9B86 /* CopyFiles */,
			);
			buildRules = (
			);
			dependencies = (
			);
			name = "cherry-bomb";
			productName = "cherry-boom";
			productReference = 172B2FAD1E30AD7300AC9B86 /* cherry-bomb */;
			productType = "com.apple.product-type.tool";
		};
/* End PBXNativeTarget section */

/* Begin PBXProject section */
		172B2FA51E30AD7300AC9B86 /* Project object */ = {
			isa = PBXProject;
			attributes = {
				LastUpgradeCheck = 0820;
				ORGANIZATIONNAME = huteng;
				TargetAttributes = {
					172B2FAC1E30AD7300AC9B86 = {
						CreatedOnToolsVersion = 8.2.1;
						ProvisioningStyle = Automatic;
					};
				};
			};
			buildConfigurationList = 172B2FA81E30AD7300AC9B86 /* Build configuration list for PBXProject "cherry-bomb" */;
			compatibilityVersion = "Xcode 3.2";
			developmentRegion = English;
			hasScannedForEncodings = 0;
			knownRegions = (
				en,
			);
			mainGroup = 172B2FA41E30AD7300AC9B86;
			productRefGroup = 172B2FAE1E30AD7300AC9B86 /* Products */;
			projectDirPath = "";
			projectRoot = "";
			targets = (
				172B2FAC1E30AD7300AC9B86 /* cherry-bomb */,
			);
		};
/* End PBXProject section */

/* Begin PBXSourcesBuildPhase section */
		172B2FA91E30AD7300AC9B86 /* Sources */ = {
			isa = PBXSourcesBuildPhase;
			buildActionMask = 2147483647;
			files = (
				172B2FB11E30AD7300AC9B86 /* main.cpp in Sources */,
				172B2FE51E30B16800AC9B86 /* jsoncpp.cpp in Sources */,
			);
			runOnlyForDeploymentPostprocessing = 0;
		};
/* End PBXSourcesBuildPhase section */

/* Begin XCBuildConfiguration section */
		172B2FB21E30AD7300AC9B86 /* Debug */ = {
			isa = XCBuildConfiguration;
			buildSettings = {
				ALWAYS_SEARCH_USER_PATHS = NO;
				CLANG_ANALYZER_NONNULL = YES;
				CLANG_CXX_LANGUAGE_STANDARD = "gnu++0x";
				CLANG_CXX_LIBRARY = "libc++";
				CLANG_ENABLE_MODULES = YES;
				CLANG_ENABLE_OBJC_ARC = YES;
				CLANG_WARN_BOOL_CONVERSION = YES;
				CLANG_WARN_CONSTANT_CONVERSION = YES;
				CLANG_WARN_DIRECT_OBJC_ISA_USAGE = YES_ERROR;
				CLANG_WARN_DOCUMENTATION_COMMENTS = YES;
				CLANG_WARN_EMPTY_BODY = YES;
				CLANG_WARN_ENUM_CONVERSION = YES;
				CLANG_WARN_INFINITE_RECURSION = YES;
				CLANG_WARN_INT_CONVERSION = YES;
				CLANG_WARN_OBJC_ROOT_CLASS = YES_ERROR;
				CLANG_WARN_SUSPICIOUS_MOVE = YES;
				CLANG_WARN_UNREACHABLE_CODE = YES;
				CLANG_WARN__DUPLICATE_METHOD_MATCH = YES;
				CODE_SIGN_IDENTITY = "-";
				COPY_PHASE_STRIP = NO;
				DEBUG_INFORMATION_FORMAT = dwarf;
				ENABLE_STRICT_OBJC_MSGSEND = YES;
				ENABLE_TESTABILITY = YES;
				GCC_C_LANGUAGE_STANDARD = gnu99;
				GCC_DYNAMIC_NO_PIC = NO;
				GCC_NO_COMMON_BLOCKS = YES;
				GCC_OPTIMIZATION_LEVEL = 0;
				GCC_PREPROCESSOR_DEFINITIONS = (
					"DEBUG=1",
					"$(inherited)",
				);
				GCC_WARN_64_TO_32_BIT_CONVERSION = YES;
				GCC_WARN_ABOUT_RETURN_TYPE = YES_ERROR;
				GCC_WARN_UNDECLARED_SELECTOR = YES;
				GCC_WARN_UNINITIALIZED_AUTOS = YES_AGGRESSIVE;
				GCC_WARN_UNUSED_FUNCTION = YES;
				GCC_WARN_UNUSED_VARIABLE = YES;
				MACOSX_DEPLOYMENT_TARGET = 10.11;
				MTL_ENABLE_DEBUG_INFO = YES;
				ONLY_ACTIVE_ARCH = YES;
				SDKROOT = macosx;
			};
			name = Debug;
		};
		172B2FB31E30AD7300AC9B86 /* Release */ = {
			isa = XCBuildConfiguration;
			buildSettings = {
				ALWAYS_SEARCH_USER_PATHS = NO;
				CLANG_ANALYZER_NONNULL = YES;
				CLANG_CXX_LANGUAGE_STANDARD = "gnu++0x";
				CLANG_CXX_LIBRARY = "libc++";
				CLANG_ENABLE_MODULES = YES;
				CLANG_ENABLE_OBJC_ARC = YES;
				CLANG_WARN_BOOL_CONVERSION = YES;
				CLANG_WARN_CONSTANT_CONVERSION = YES;
				CLANG_WARN_DIRECT_OBJC_ISA_USAGE = YES_ERROR;
				CLANG_WARN_DOCUMENTATION_COMMENTS = YES;
				CLANG_WARN_EMPTY_BODY = YES;
				CLANG_WARN_ENUM_CONVERSION = YES;
				CLANG_WARN_INFINITE_RECURSION = YES;
				CLANG_WARN_INT_CONVERSION = YES;
				CLANG_WARN_OBJC_ROOT_CLASS = YES_ERROR;
				CLANG_WARN_SUSPICIOUS_MOVE = YES;
				CLANG_WARN_UNREACHABLE_CODE = YES;
				CLANG_WARN__DUPLICATE_METHOD_MATCH = YES;
				CODE_SIGN_IDENTITY = "-";
				COPY_PHASE_STRIP = NO;
				DEBUG_INFORMATION_FORMAT = "dwarf-with-dsym";
				ENABLE_NS_ASSERTIONS = NO;
				ENABLE_STRICT_OBJC_MSGSEND = YES;
				GCC_C_LANGUAGE_STANDARD = gnu99;
				GCC_NO_COMMON_BLOCKS = YES;
				GCC_WARN_64_TO_32_BIT_CONVERSION = YES;
				GCC_WARN_ABOUT_RETURN_TYPE = YES_ERROR;
				GCC_WARN_UNDECLARED_SELECTOR = YES;
				GCC_WARN_UNINITIALIZED_AUTOS = YES_AGGRESSIVE;
				GCC_WARN_UNUSED_FUNCTION = YES;
				GCC_WARN_UNUSED_VARIABLE = YES;
				MACOSX_DEPLOYMENT_TARGET = 10.11;
				MTL_ENABLE_DEBUG_INFO = NO;
				SDKROOT = macosx;
			};
			name = Release;
		};
		172B2FB51E30AD7300AC9B86 /* Debug */ = {
			isa = XCBuildConfiguration;
			buildSettings = {
				LIBRARY_SEARCH_PATHS = (
					"$(inherited)",
					"$(PROJECT_DIR)/cherry-boom/lib/drafter",
				);
				PRODUCT_NAME = "$(TARGET_NAME)";
			};
			name = Debug;
		};
		172B2FB61E30AD7300AC9B86 /* Release */ = {
			isa = XCBuildConfiguration;
			buildSettings = {
				LIBRARY_SEARCH_PATHS = (
					"$(inherited)",
					"$(PROJECT_DIR)/cherry-boom/lib/drafter",
				);
				PRODUCT_NAME = "$(TARGET_NAME)";
			};
			name = Release;
		};
/* End XCBuildConfiguration section */

/* Begin XCConfigurationList section */
		172B2FA81E30AD7300AC9B86 /* Build configuration list for PBXProject "cherry-bomb" */ = {
			isa = XCConfigurationList;
			buildConfigurations = (
				172B2FB21E30AD7300AC9B86 /* Debug */,
				172B2FB31E30AD7300AC9B86 /* Release */,
			);
			defaultConfigurationIsVisible = 0;
			defaultConfigurationName = Release;
		};
		172B2FB41E30AD7300AC9B86 /* Build configuration list for PBXNativeTarget "cherry-bomb" */ = {
			isa = XCConfigurationList;
			buildConfigurations = (
				172B2FB51E30AD7300AC9B86 /* Debug */,
				172B2FB61E30AD7300AC9B86 /* Release */,
			);
			defaultConfigurationIsVisible = 0;
			defaultConfigurationName = Release;
		};
/* End XCConfigurationList section */
	};
	rootObject = 172B2FA51E30AD7300AC9B86 /* Project object */;
}
